
Microsoft Visual Studio Solution File, Format Version 12.00
# Visual Studio Version 16
VisualStudioVersion = 16.0.32228.343
MinimumVisualStudioVersion = 10.0.40219.1
Project("{FAE04EC0-301F-11D3-BF4B-00C04F79EFBC}") = "Frantskevich_Pr20.Android", "Frantskevich_Pr20\Frantskevich_Pr20.Android\Frantskevich_Pr20.Android.csproj", "{788F185E-E01A-4D34-8D98-50EC579EE9CC}"
EndProject
Project("{FAE04EC0-301F-11D3-BF4B-00C04F79EFBC}") = "Frantskevich_Pr20.iOS", "Frantskevich_Pr20\Frantskevich_Pr20.iOS\Frantskevich_Pr20.iOS.csproj", "{49CB7FF7-C4F4-4414-B705-4E5C263C15EF}"
EndProject
Project("{FAE04EC0-301F-11D3-BF4B-00C04F79EFBC}") = "Frantskevich_Pr20", "Frantskevich_Pr20\Frantskevich_Pr20\Frantskevich_Pr20.csproj", "{B1764522-E75C-4320-8C3E-F58B72CC29E7}"
EndProject
Global
	GlobalSection(SolutionConfigurationPlatforms) = preSolution
		Debug|Any CPU = Debug|Any CPU
		Debug|iPhone = Debug|iPhone
		Debug|iPhoneSimulator = Debug|iPhoneSimulator
		Release|Any CPU = Release|Any CPU
		Release|iPhone = Release|iPhone
		Release|iPhoneSimulator = Release|iPhoneSimulator
	EndGlobalSection
	GlobalSection(ProjectConfigurationPlatforms) = postSolution
		{788F185E-E01A-4D34-8D98-50EC579EE9CC}.Debug|Any CPU.ActiveCfg = Debug|Any CPU
		{788F185E-E01A-4D34-8D98-50EC579EE9CC}.Debug|Any CPU.Build.0 = Debug|Any CPU
		{788F185E-E01A-4D34-8D98-50EC579EE9CC}.Debug|Any CPU.Deploy.0 = Debug|Any CPU
		{788F185E-E01A-4D34-8D98-50EC579EE9CC}.Debug|iPhone.ActiveCfg = Debug|Any CPU
		{788F185E-E01A-4D34-8D98-50EC579EE9CC}.Debug|iPhone.Build.0 = Debug|Any CPU
		{788F185E-E01A-4D34-8D98-50EC579EE9CC}.Debug|iPhone.Deploy.0 = Debug|Any CPU
		{788F185E-E01A-4D34-8D98-50EC579EE9CC}.Debug|iPhoneSimulator.ActiveCfg = Debug|Any CPU
		{788F185E-E01A-4D34-8D98-50EC579EE9CC}.Debug|iPhoneSimulator.Build.0 = Debug|Any CPU
		{788F185E-E01A-4D34-8D98-50EC579EE9CC}.Debug|iPhoneSimulator.Deploy.0 = Debug|Any CPU
		{788F185E-E01A-4D34-8D98-50EC579EE9CC}.Release|Any CPU.ActiveCfg = Release|Any CPU
		{788F185E-E01A-4D34-8D98-50EC579EE9CC}.Release|Any CPU.Build.0 = Release|Any CPU
		{788F185E-E01A-4D34-8D98-50EC579EE9CC}.Release|Any CPU.Deploy.0 = Release|Any CPU
		{788F185E-E01A-4D34-8D98-50EC579EE9CC}.Release|iPhone.ActiveCfg = Release|Any CPU
		{788F185E-E01A-4D34-8D98-50EC579EE9CC}.Release|iPhone.Build.0 = Release|Any CPU
		{788F185E-E01A-4D34-8D98-50EC579EE9CC}.Release|iPhone.Deploy.0 = Release|Any CPU
		{788F185E-E01A-4D34-8D98-50EC579EE9CC}.Release|iPhoneSimulator.ActiveCfg = Release|Any CPU
		{788F185E-E01A-4D34-8D98-50EC579EE9CC}.Release|iPhoneSimulator.Build.0 = Release|Any CPU
		{788F185E-E01A-4D34-8D98-50EC579EE9CC}.Release|iPhoneSimulator.Deploy.0 = Release|Any CPU
		{49CB7FF7-C4F4-4414-B705-4E5C263C15EF}.Debug|Any CPU.ActiveCfg = Debug|iPhone
		{49CB7FF7-C4F4-4414-B705-4E5C263C15EF}.Debug|Any CPU.Build.0 = Debug|iPhone
		{49CB7FF7-C4F4-4414-B705-4E5C263C15EF}.Debug|Any CPU.Deploy.0 = Debug|iPhone
		{49CB7FF7-C4F4-4414-B705-4E5C263C15EF}.Debug|iPhone.ActiveCfg = Debug|iPhone
		{49CB7FF7-C4F4-4414-B705-4E5C263C15EF}.Debug|iPhone.Build.0 = Debug|iPhone
		{49CB7FF7-C4F4-4414-B705-4E5C263C15EF}.Debug|iPhone.Deploy.0 = Debug|iPhone
		{49CB7FF7-C4F4-4414-B705-4E5C263C15EF}.Debug|iPhoneSimulator.ActiveCfg = Debug|iPhoneSimulator
		{49CB7FF7-C4F4-4414-B705-4E5C263C15EF}.Debug|iPhoneSimulator.Build.0 = Debug|iPhoneSimulator
		{49CB7FF7-C4F4-4414-B705-4E5C263C15EF}.Debug|iPhoneSimulator.Deploy.0 = Debug|iPhoneSimulator
		{49CB7FF7-C4F4-4414-B705-4E5C263C15EF}.Release|Any CPU.ActiveCfg = Release|iPhoneSimulator
		{49CB7FF7-C4F4-4414-B705-4E5C263C15EF}.Release|Any CPU.Build.0 = Release|iPhoneSimulator
		{49CB7FF7-C4F4-4414-B705-4E5C263C15EF}.Release|Any CPU.Deploy.0 = Release|iPhoneSimulator
		{49CB7FF7-C4F4-4414-B705-4E5C263C15EF}.Release|iPhone.ActiveCfg = Release|iPhone
		{49CB7FF7-C4F4-4414-B705-4E5C263C15EF}.Release|iPhone.Build.0 = Release|iPhone
		{49CB7FF7-C4F4-4414-B705-4E5C263C15EF}.Release|iPhone.Deploy.0 = Release|iPhone
		{49CB7FF7-C4F4-4414-B705-4E5C263C15EF}.Release|iPhoneSimulator.ActiveCfg = Release|iPhoneSimulator
		{49CB7FF7-C4F4-4414-B705-4E5C263C15EF}.Release|iPhoneSimulator.Build.0 = Release|iPhoneSimulator
		{49CB7FF7-C4F4-4414-B705-4E5C263C15EF}.Release|iPhoneSimulator.Deploy.0 = Release|iPhoneSimulator
		{B1764522-E75C-4320-8C3E-F58B72CC29E7}.Debug|Any CPU.ActiveCfg = Debug|Any CPU
		{B1764522-E75C-4320-8C3E-F58B72CC29E7}.Debug|Any CPU.Build.0 = Debug|Any CPU
		{B1764522-E75C-4320-8C3E-F58B72CC29E7}.Debug|Any CPU.Deploy.0 = Debug|Any CPU
		{B1764522-E75C-4320-8C3E-F58B72CC29E7}.Debug|iPhone.ActiveCfg = Debug|Any CPU
		{B1764522-E75C-4320-8C3E-F58B72CC29E7}.Debug|iPhone.Build.0 = Debug|Any CPU
		{B1764522-E75C-4320-8C3E-F58B72CC29E7}.Debug|iPhone.Deploy.0 = Debug|Any CPU
		{B1764522-E75C-4320-8C3E-F58B72CC29E7}.Debug|iPhoneSimulator.ActiveCfg = Debug|Any CPU
		{B1764522-E75C-4320-8C3E-F58B72CC29E7}.Debug|iPhoneSimulator.Build.0 = Debug|Any CPU
		{B1764522-E75C-4320-8C3E-F58B72CC29E7}.Debug|iPhoneSimulator.Deploy.0 = Debug|Any CPU
		{B1764522-E75C-4320-8C3E-F58B72CC29E7}.Release|Any CPU.ActiveCfg = Release|Any CPU
		{B1764522-E75C-4320-8C3E-F58B72CC29E7}.Release|Any CPU.Build.0 = Release|Any CPU
		{B1764522-E75C-4320-8C3E-F58B72CC29E7}.Release|Any CPU.Deploy.0 = Release|Any CPU
		{B1764522-E75C-4320-8C3E-F58B72CC29E7}.Release|iPhone.ActiveCfg = Release|Any CPU
		{B1764522-E75C-4320-8C3E-F58B72CC29E7}.Release|iPhone.Build.0 = Release|Any CPU
		{B1764522-E75C-4320-8C3E-F58B72CC29E7}.Release|iPhone.Deploy.0 = Release|Any CPU
		{B1764522-E75C-4320-8C3E-F58B72CC29E7}.Release|iPhoneSimulator.ActiveCfg = Release|Any CPU
		{B1764522-E75C-4320-8C3E-F58B72CC29E7}.Release|iPhoneSimulator.Build.0 = Release|Any CPU
		{B1764522-E75C-4320-8C3E-F58B72CC29E7}.Release|iPhoneSimulator.Deploy.0 = Release|Any CPU
	EndGlobalSection
	GlobalSection(SolutionProperties) = preSolution
		HideSolutionNode = FALSE
	EndGlobalSection
	GlobalSection(ExtensibilityGlobals) = postSolution
		SolutionGuid = {6D6982CD-0AB8-4DC1-A14B-E4500C2A401E}
	EndGlobalSection
EndGlobal
